{
  "name": "mc-node-red",
  "version": "1.1.0",
  "lockfileVersion": 1,
  "requires": true,
  "dependencies": {
    "node-red-contrib-multiproject": {
      "version": "0.0.2-14",
      "resolved": "https://registry.npmjs.org/node-red-contrib-multiproject/-/node-red-contrib-multiproject-0.0.2-14.tgz",
      "integrity": "sha1-WWHpan2gIMlxBcdW9wvYT/dAV9Y="
    },
    "node-red-contrib-statsd": {
      "version": "1.2.3",
      "resolved": "https://registry.npmjs.org/node-red-contrib-statsd/-/node-red-contrib-statsd-1.2.3.tgz",
      "integrity": "sha1-S5Arr+/HVmNAGaO7IigztfhpRfc=",
      "requires": {
        "node-statsd": "~0.1.1"
      }
    },
    "node-statsd": {
      "version": "0.1.1",
      "resolved": "https://registry.npmjs.org/node-statsd/-/node-statsd-0.1.1.tgz",
      "integrity": "sha1-J6WTSHY9CvegN6wqAx/vPwUQE9M="
    }
  }
}
